
Microsoft Visual Studio Solution File, Format Version 12.00
# Visual Studio 14
VisualStudioVersion = 14.0.25420.1
MinimumVisualStudioVersion = 10.0.40219.1
Project("{FAE04EC0-301F-11D3-BF4B-00C04F79EFBC}") = "BankApp", "BankApp.csproj", "{37538871-E249-429E-8D89-AE869B5D02B6}"
EndProject
Project("{FAE04EC0-301F-11D3-BF4B-00C04F79EFBC}") = "BankService", "..\BankService\BankService.csproj", "{EA0F3DEA-A237-4DA2-A9D8-BA1E7FE1D473}"
EndProject
Global
	GlobalSection(SolutionConfigurationPlatforms) = preSolution
		Debug|Any CPU = Debug|Any CPU
		Release|Any CPU = Release|Any CPU
	EndGlobalSection
	GlobalSection(ProjectConfigurationPlatforms) = postSolution
		{37538871-E249-429E-8D89-AE869B5D02B6}.Debug|Any CPU.ActiveCfg = Debug|Any CPU
		{37538871-E249-429E-8D89-AE869B5D02B6}.Debug|Any CPU.Build.0 = Debug|Any CPU
		{37538871-E249-429E-8D89-AE869B5D02B6}.Release|Any CPU.ActiveCfg = Release|Any CPU
		{37538871-E249-429E-8D89-AE869B5D02B6}.Release|Any CPU.Build.0 = Release|Any CPU
		{EA0F3DEA-A237-4DA2-A9D8-BA1E7FE1D473}.Debug|Any CPU.ActiveCfg = Debug|Any CPU
		{EA0F3DEA-A237-4DA2-A9D8-BA1E7FE1D473}.Debug|Any CPU.Build.0 = Debug|Any CPU
		{EA0F3DEA-A237-4DA2-A9D8-BA1E7FE1D473}.Release|Any CPU.ActiveCfg = Release|Any CPU
		{EA0F3DEA-A237-4DA2-A9D8-BA1E7FE1D473}.Release|Any CPU.Build.0 = Release|Any CPU
	EndGlobalSection
	GlobalSection(SolutionProperties) = preSolution
		HideSolutionNode = FALSE
	EndGlobalSection
EndGlobal
